
Microsoft Visual Studio Solution File, Format Version 12.00
# Visual Studio 14
VisualStudioVersion = 14.0.25420.1
MinimumVisualStudioVersion = 10.0.40219.1
Project("{FAE04EC0-301F-11D3-BF4B-00C04F79EFBC}") = "Mmmxa.So", "Mmmxa.So\Mmmxa.So.csproj", "{A2776415-2FC4-4077-8D92-6CBD3E8F0883}"
EndProject
Project("{2150E333-8FDC-42A3-9474-1A3956D46DE8}") = "爬虫", "爬虫", "{C414D2D6-B10A-4859-B377-31D9E50165CB}"
EndProject
Project("{2150E333-8FDC-42A3-9474-1A3956D46DE8}") = "三层架构", "三层架构", "{AD2957C8-35C3-48CC-9F90-C37363A4A753}"
EndProject
Project("{2150E333-8FDC-42A3-9474-1A3956D46DE8}") = "Core", "Core", "{7FFB5B59-C17D-46D7-883F-158EE1C99EC4}"
EndProject
Project("{FAE04EC0-301F-11D3-BF4B-00C04F79EFBC}") = "BusinessLayer", "三层架构\Business\BusinessLayer.csproj", "{B5F791BE-8971-406A-AE65-D12AC66EEB80}"
EndProject
Project("{FAE04EC0-301F-11D3-BF4B-00C04F79EFBC}") = "PhysicalLayer", "三层架构\PhysicalLayer\PhysicalLayer.csproj", "{9FB511B9-8423-43CD-90CF-88F1F57508D2}"
EndProject
Project("{FAE04EC0-301F-11D3-BF4B-00C04F79EFBC}") = "Reptitle.BusinessLogic", "爬虫\Reptitle.BusinessLogic\Reptitle.BusinessLogic.csproj", "{4DB2BEC5-FFF5-4FB4-ACCD-E74990BB0433}"
EndProject
Project("{FAE04EC0-301F-11D3-BF4B-00C04F79EFBC}") = "CommonLayer", "Common\CommonLayer\CommonLayer.csproj", "{013D3066-8B11-471C-BED5-043E257E517B}"
EndProject
Project("{FAE04EC0-301F-11D3-BF4B-00C04F79EFBC}") = "DataLayer", "三层架构\DataLayer\DataLayer.csproj", "{8BBF272A-10C4-4553-878F-97942813D061}"
EndProject
Project("{FAE04EC0-301F-11D3-BF4B-00C04F79EFBC}") = "ConsoleApplication", "爬虫\ConsoleApplication\ConsoleApplication.csproj", "{68938898-D1DF-4935-99B7-7CF62EF9ABBA}"
EndProject
Project("{FAE04EC0-301F-11D3-BF4B-00C04F79EFBC}") = "ServicesAPI", "ServicesAPI\ServicesAPI.csproj", "{7C71D7B9-2F27-4C52-95BC-AB14553109CD}"
EndProject
Project("{FAE04EC0-301F-11D3-BF4B-00C04F79EFBC}") = "WebAndLoadTestProject1", "WebAndLoadTestProject1\WebAndLoadTestProject1.csproj", "{FC164452-9799-491A-961A-11557EB2F972}"
EndProject
Project("{2150E333-8FDC-42A3-9474-1A3956D46DE8}") = "Solution Items", "Solution Items", "{F2150B5A-31C5-4276-B063-468955AE2A12}"
	ProjectSection(SolutionItems) = preProject
		Local.testsettings = Local.testsettings
	EndProjectSection
EndProject
Project("{FAE04EC0-301F-11D3-BF4B-00C04F79EFBC}") = "Kebue.UI", "Kebue.UI\Kebue.UI.csproj", "{E78A0556-5935-4DE2-9280-F7EE7BD4550B}"
EndProject
Project("{FAE04EC0-301F-11D3-BF4B-00C04F79EFBC}") = "Kebue.API", "Kebue.API\Kebue.API.csproj", "{3965D41E-9180-48C8-A915-7986CEFE28BB}"
EndProject
Project("{FAE04EC0-301F-11D3-BF4B-00C04F79EFBC}") = "Mmmxa.Entity.Core", "Mmmxa.Entity.Core\Mmmxa.Entity.Core.csproj", "{4DA621EE-0235-4F05-893D-BB69C1F74DBA}"
EndProject
Project("{FAE04EC0-301F-11D3-BF4B-00C04F79EFBC}") = "Test", "Test\Test.csproj", "{E9B1369C-03BF-4A41-B97B-614A8E8AAC25}"
EndProject
Global
	GlobalSection(SolutionConfigurationPlatforms) = preSolution
		Debug|Any CPU = Debug|Any CPU
		Release|Any CPU = Release|Any CPU
	EndGlobalSection
	GlobalSection(ProjectConfigurationPlatforms) = postSolution
		{A2776415-2FC4-4077-8D92-6CBD3E8F0883}.Debug|Any CPU.ActiveCfg = Debug|Any CPU
		{A2776415-2FC4-4077-8D92-6CBD3E8F0883}.Debug|Any CPU.Build.0 = Debug|Any CPU
		{A2776415-2FC4-4077-8D92-6CBD3E8F0883}.Release|Any CPU.ActiveCfg = Release|Any CPU
		{A2776415-2FC4-4077-8D92-6CBD3E8F0883}.Release|Any CPU.Build.0 = Release|Any CPU
		{B5F791BE-8971-406A-AE65-D12AC66EEB80}.Debug|Any CPU.ActiveCfg = Debug|Any CPU
		{B5F791BE-8971-406A-AE65-D12AC66EEB80}.Debug|Any CPU.Build.0 = Debug|Any CPU
		{B5F791BE-8971-406A-AE65-D12AC66EEB80}.Release|Any CPU.ActiveCfg = Release|Any CPU
		{B5F791BE-8971-406A-AE65-D12AC66EEB80}.Release|Any CPU.Build.0 = Release|Any CPU
		{9FB511B9-8423-43CD-90CF-88F1F57508D2}.Debug|Any CPU.ActiveCfg = Debug|Any CPU
		{9FB511B9-8423-43CD-90CF-88F1F57508D2}.Debug|Any CPU.Build.0 = Debug|Any CPU
		{9FB511B9-8423-43CD-90CF-88F1F57508D2}.Release|Any CPU.ActiveCfg = Release|Any CPU
		{9FB511B9-8423-43CD-90CF-88F1F57508D2}.Release|Any CPU.Build.0 = Release|Any CPU
		{4DB2BEC5-FFF5-4FB4-ACCD-E74990BB0433}.Debug|Any CPU.ActiveCfg = Debug|Any CPU
		{4DB2BEC5-FFF5-4FB4-ACCD-E74990BB0433}.Debug|Any CPU.Build.0 = Debug|Any CPU
		{4DB2BEC5-FFF5-4FB4-ACCD-E74990BB0433}.Release|Any CPU.ActiveCfg = Release|Any CPU
		{4DB2BEC5-FFF5-4FB4-ACCD-E74990BB0433}.Release|Any CPU.Build.0 = Release|Any CPU
		{013D3066-8B11-471C-BED5-043E257E517B}.Debug|Any CPU.ActiveCfg = Debug|Any CPU
		{013D3066-8B11-471C-BED5-043E257E517B}.Debug|Any CPU.Build.0 = Debug|Any CPU
		{013D3066-8B11-471C-BED5-043E257E517B}.Release|Any CPU.ActiveCfg = Release|Any CPU
		{013D3066-8B11-471C-BED5-043E257E517B}.Release|Any CPU.Build.0 = Release|Any CPU
		{8BBF272A-10C4-4553-878F-97942813D061}.Debug|Any CPU.ActiveCfg = Debug|Any CPU
		{8BBF272A-10C4-4553-878F-97942813D061}.Debug|Any CPU.Build.0 = Debug|Any CPU
		{8BBF272A-10C4-4553-878F-97942813D061}.Release|Any CPU.ActiveCfg = Release|Any CPU
		{8BBF272A-10C4-4553-878F-97942813D061}.Release|Any CPU.Build.0 = Release|Any CPU
		{68938898-D1DF-4935-99B7-7CF62EF9ABBA}.Debug|Any CPU.ActiveCfg = Debug|Any CPU
		{68938898-D1DF-4935-99B7-7CF62EF9ABBA}.Debug|Any CPU.Build.0 = Debug|Any CPU
		{68938898-D1DF-4935-99B7-7CF62EF9ABBA}.Release|Any CPU.ActiveCfg = Release|Any CPU
		{68938898-D1DF-4935-99B7-7CF62EF9ABBA}.Release|Any CPU.Build.0 = Release|Any CPU
		{7C71D7B9-2F27-4C52-95BC-AB14553109CD}.Debug|Any CPU.ActiveCfg = Debug|Any CPU
		{7C71D7B9-2F27-4C52-95BC-AB14553109CD}.Debug|Any CPU.Build.0 = Debug|Any CPU
		{7C71D7B9-2F27-4C52-95BC-AB14553109CD}.Release|Any CPU.ActiveCfg = Release|Any CPU
		{7C71D7B9-2F27-4C52-95BC-AB14553109CD}.Release|Any CPU.Build.0 = Release|Any CPU
		{FC164452-9799-491A-961A-11557EB2F972}.Debug|Any CPU.ActiveCfg = Debug|Any CPU
		{FC164452-9799-491A-961A-11557EB2F972}.Debug|Any CPU.Build.0 = Debug|Any CPU
		{FC164452-9799-491A-961A-11557EB2F972}.Release|Any CPU.ActiveCfg = Release|Any CPU
		{FC164452-9799-491A-961A-11557EB2F972}.Release|Any CPU.Build.0 = Release|Any CPU
		{E78A0556-5935-4DE2-9280-F7EE7BD4550B}.Debug|Any CPU.ActiveCfg = Debug|Any CPU
		{E78A0556-5935-4DE2-9280-F7EE7BD4550B}.Debug|Any CPU.Build.0 = Debug|Any CPU
		{E78A0556-5935-4DE2-9280-F7EE7BD4550B}.Release|Any CPU.ActiveCfg = Release|Any CPU
		{E78A0556-5935-4DE2-9280-F7EE7BD4550B}.Release|Any CPU.Build.0 = Release|Any CPU
		{3965D41E-9180-48C8-A915-7986CEFE28BB}.Debug|Any CPU.ActiveCfg = Debug|Any CPU
		{3965D41E-9180-48C8-A915-7986CEFE28BB}.Debug|Any CPU.Build.0 = Debug|Any CPU
		{3965D41E-9180-48C8-A915-7986CEFE28BB}.Release|Any CPU.ActiveCfg = Release|Any CPU
		{3965D41E-9180-48C8-A915-7986CEFE28BB}.Release|Any CPU.Build.0 = Release|Any CPU
		{4DA621EE-0235-4F05-893D-BB69C1F74DBA}.Debug|Any CPU.ActiveCfg = Debug|Any CPU
		{4DA621EE-0235-4F05-893D-BB69C1F74DBA}.Debug|Any CPU.Build.0 = Debug|Any CPU
		{4DA621EE-0235-4F05-893D-BB69C1F74DBA}.Release|Any CPU.ActiveCfg = Release|Any CPU
		{4DA621EE-0235-4F05-893D-BB69C1F74DBA}.Release|Any CPU.Build.0 = Release|Any CPU
		{E9B1369C-03BF-4A41-B97B-614A8E8AAC25}.Debug|Any CPU.ActiveCfg = Debug|Any CPU
		{E9B1369C-03BF-4A41-B97B-614A8E8AAC25}.Debug|Any CPU.Build.0 = Debug|Any CPU
		{E9B1369C-03BF-4A41-B97B-614A8E8AAC25}.Release|Any CPU.ActiveCfg = Release|Any CPU
		{E9B1369C-03BF-4A41-B97B-614A8E8AAC25}.Release|Any CPU.Build.0 = Release|Any CPU
	EndGlobalSection
	GlobalSection(SolutionProperties) = preSolution
		HideSolutionNode = FALSE
	EndGlobalSection
	GlobalSection(NestedProjects) = preSolution
		{B5F791BE-8971-406A-AE65-D12AC66EEB80} = {AD2957C8-35C3-48CC-9F90-C37363A4A753}
		{9FB511B9-8423-43CD-90CF-88F1F57508D2} = {AD2957C8-35C3-48CC-9F90-C37363A4A753}
		{4DB2BEC5-FFF5-4FB4-ACCD-E74990BB0433} = {C414D2D6-B10A-4859-B377-31D9E50165CB}
		{013D3066-8B11-471C-BED5-043E257E517B} = {7FFB5B59-C17D-46D7-883F-158EE1C99EC4}
		{8BBF272A-10C4-4553-878F-97942813D061} = {AD2957C8-35C3-48CC-9F90-C37363A4A753}
		{68938898-D1DF-4935-99B7-7CF62EF9ABBA} = {C414D2D6-B10A-4859-B377-31D9E50165CB}
		{7C71D7B9-2F27-4C52-95BC-AB14553109CD} = {7FFB5B59-C17D-46D7-883F-158EE1C99EC4}
	EndGlobalSection
EndGlobal
